
Microsoft Visual Studio Solution File, Format Version 12.00
# Visual Studio 15
VisualStudioVersion = 15.0.27703.2047
MinimumVisualStudioVersion = 10.0.40219.1
Project("{FAE04EC0-301F-11D3-BF4B-00C04F79EFBC}") = "trabajoPractico1", "trabajoPractico1\trabajoPractico1.csproj", "{A01C4A15-B556-4ED0-B460-52583D4EDE31}"
EndProject
Project("{FAE04EC0-301F-11D3-BF4B-00C04F79EFBC}") = "Entidades", "Entidades\Entidades.csproj", "{2C013BD2-C027-45B5-A4E2-117D857BB182}"
EndProject
Project("{FAE04EC0-301F-11D3-BF4B-00C04F79EFBC}") = "WindowsFormsApp1", "WindowsFormsApp1\WindowsFormsApp1.csproj", "{6FAD3AA9-97F1-44AD-A382-492A156D0946}"
EndProject
Global
	GlobalSection(SolutionConfigurationPlatforms) = preSolution
		Debug|Any CPU = Debug|Any CPU
		Release|Any CPU = Release|Any CPU
	EndGlobalSection
	GlobalSection(ProjectConfigurationPlatforms) = postSolution
		{A01C4A15-B556-4ED0-B460-52583D4EDE31}.Debug|Any CPU.ActiveCfg = Debug|Any CPU
		{A01C4A15-B556-4ED0-B460-52583D4EDE31}.Debug|Any CPU.Build.0 = Debug|Any CPU
		{A01C4A15-B556-4ED0-B460-52583D4EDE31}.Release|Any CPU.ActiveCfg = Release|Any CPU
		{A01C4A15-B556-4ED0-B460-52583D4EDE31}.Release|Any CPU.Build.0 = Release|Any CPU
		{2C013BD2-C027-45B5-A4E2-117D857BB182}.Debug|Any CPU.ActiveCfg = Debug|Any CPU
		{2C013BD2-C027-45B5-A4E2-117D857BB182}.Debug|Any CPU.Build.0 = Debug|Any CPU
		{2C013BD2-C027-45B5-A4E2-117D857BB182}.Release|Any CPU.ActiveCfg = Release|Any CPU
		{2C013BD2-C027-45B5-A4E2-117D857BB182}.Release|Any CPU.Build.0 = Release|Any CPU
		{6FAD3AA9-97F1-44AD-A382-492A156D0946}.Debug|Any CPU.ActiveCfg = Debug|Any CPU
		{6FAD3AA9-97F1-44AD-A382-492A156D0946}.Debug|Any CPU.Build.0 = Debug|Any CPU
		{6FAD3AA9-97F1-44AD-A382-492A156D0946}.Release|Any CPU.ActiveCfg = Release|Any CPU
		{6FAD3AA9-97F1-44AD-A382-492A156D0946}.Release|Any CPU.Build.0 = Release|Any CPU
	EndGlobalSection
	GlobalSection(SolutionProperties) = preSolution
		HideSolutionNode = FALSE
	EndGlobalSection
	GlobalSection(ExtensibilityGlobals) = postSolution
		SolutionGuid = {3A2F003F-FBF5-434F-AF8F-959300D6EC10}
	EndGlobalSection
EndGlobal
